
Microsoft Visual Studio Solution File, Format Version 12.00
# Visual Studio 2013
VisualStudioVersion = 12.0.21005.1
MinimumVisualStudioVersion = 10.0.40219.1
Project("{8BC9CEB8-8B4A-11D0-8D11-00A0C91BC942}") = "Latihan Studi kasus", "Latihan Studi kasus\Latihan Studi kasus.vcxproj", "{537A85F3-08F3-4C03-9106-59825B72BB96}"
EndProject
Global
	GlobalSection(SolutionConfigurationPlatforms) = preSolution
		Debug|Win32 = Debug|Win32
		Release|Win32 = Release|Win32
	EndGlobalSection
	GlobalSection(ProjectConfigurationPlatforms) = postSolution
		{537A85F3-08F3-4C03-9106-59825B72BB96}.Debug|Win32.ActiveCfg = Debug|Win32
		{537A85F3-08F3-4C03-9106-59825B72BB96}.Debug|Win32.Build.0 = Debug|Win32
		{537A85F3-08F3-4C03-9106-59825B72BB96}.Release|Win32.ActiveCfg = Release|Win32
		{537A85F3-08F3-4C03-9106-59825B72BB96}.Release|Win32.Build.0 = Release|Win32
	EndGlobalSection
	GlobalSection(SolutionProperties) = preSolution
		HideSolutionNode = FALSE
	EndGlobalSection
EndGlobal
